
Microsoft Visual Studio Solution File, Format Version 12.00
# Visual Studio Version 16
VisualStudioVersion = 16.0.29613.14
MinimumVisualStudioVersion = 10.0.40219.1
Project("{FAE04EC0-301F-11D3-BF4B-00C04F79EFBC}") = "GenAlg", "GenAlg\GenAlg.csproj", "{F87D6C82-2BBC-4414-A0C3-E1D36736E588}"
EndProject
Global
	GlobalSection(SolutionConfigurationPlatforms) = preSolution
		Debug|Any CPU = Debug|Any CPU
		Release|Any CPU = Release|Any CPU
	EndGlobalSection
	GlobalSection(ProjectConfigurationPlatforms) = postSolution
		{F87D6C82-2BBC-4414-A0C3-E1D36736E588}.Debug|Any CPU.ActiveCfg = Debug|Any CPU
		{F87D6C82-2BBC-4414-A0C3-E1D36736E588}.Debug|Any CPU.Build.0 = Debug|Any CPU
		{F87D6C82-2BBC-4414-A0C3-E1D36736E588}.Release|Any CPU.ActiveCfg = Release|Any CPU
		{F87D6C82-2BBC-4414-A0C3-E1D36736E588}.Release|Any CPU.Build.0 = Release|Any CPU
	EndGlobalSection
	GlobalSection(SolutionProperties) = preSolution
		HideSolutionNode = FALSE
	EndGlobalSection
	GlobalSection(ExtensibilityGlobals) = postSolution
		SolutionGuid = {826D72CD-51EC-455A-96FA-CBB5B1EB0C20}
	EndGlobalSection
EndGlobal
